
Microsoft Visual Studio Solution File, Format Version 12.00
# Visual Studio Version 16
VisualStudioVersion = 16.0.32228.343
MinimumVisualStudioVersion = 10.0.40219.1
Project("{9A19103F-16F7-4668-BE54-9A1E7A4F7556}") = "WiredbrainConsolApp", "WiredbrainConsolApp.csproj", "{5B0AFB0E-A562-4C0C-AFE9-5C8E80619A36}"
EndProject
Project("{FAE04EC0-301F-11D3-BF4B-00C04F79EFBC}") = "WiredBrainCoffee.DataAccess", "WiredBrainCoffee.DataAccess\WiredBrainCoffee.DataAccess.csproj", "{55A93BB8-FB8B-4580-931E-6C950E8C239C}"
EndProject
Global
	GlobalSection(SolutionConfigurationPlatforms) = preSolution
		Debug|Any CPU = Debug|Any CPU
		Release|Any CPU = Release|Any CPU
	EndGlobalSection
	GlobalSection(ProjectConfigurationPlatforms) = postSolution
		{5B0AFB0E-A562-4C0C-AFE9-5C8E80619A36}.Debug|Any CPU.ActiveCfg = Debug|Any CPU
		{5B0AFB0E-A562-4C0C-AFE9-5C8E80619A36}.Debug|Any CPU.Build.0 = Debug|Any CPU
		{5B0AFB0E-A562-4C0C-AFE9-5C8E80619A36}.Release|Any CPU.ActiveCfg = Release|Any CPU
		{5B0AFB0E-A562-4C0C-AFE9-5C8E80619A36}.Release|Any CPU.Build.0 = Release|Any CPU
		{55A93BB8-FB8B-4580-931E-6C950E8C239C}.Debug|Any CPU.ActiveCfg = Debug|Any CPU
		{55A93BB8-FB8B-4580-931E-6C950E8C239C}.Debug|Any CPU.Build.0 = Debug|Any CPU
		{55A93BB8-FB8B-4580-931E-6C950E8C239C}.Release|Any CPU.ActiveCfg = Release|Any CPU
		{55A93BB8-FB8B-4580-931E-6C950E8C239C}.Release|Any CPU.Build.0 = Release|Any CPU
	EndGlobalSection
	GlobalSection(SolutionProperties) = preSolution
		HideSolutionNode = FALSE
	EndGlobalSection
	GlobalSection(ExtensibilityGlobals) = postSolution
		SolutionGuid = {EA1BDED5-C885-46FD-9155-C71C41983094}
	EndGlobalSection
EndGlobal
